// !$*UTF8*$!
{
	archiveVersion = 1;
	classes = {
	};
	objectVersion = 50;
	objects = {

/* Begin PBXBuildFile section */
		77BE71EB209F8E4500F59C48 /* AppDelegate.swift in Sources */ = {isa = PBXBuildFile; fileRef = 77BE71EA209F8E4500F59C48 /* AppDelegate.swift */; };
		77BE71ED209F8E4500F59C48 /* ViewController.swift in Sources */ = {isa = PBXBuildFile; fileRef = 77BE71EC209F8E4500F59C48 /* ViewController.swift */; };
		77BE71F3209F8E4500F59C48 /* FBMessanger.xcdatamodeld in Sources */ = {isa = PBXBuildFile; fileRef = 77BE71F1209F8E4500F59C48 /* FBMessanger.xcdatamodeld */; };
		77BE71F5209F8E4600F59C48 /* Assets.xcassets in Resources */ = {isa = PBXBuildFile; fileRef = 77BE71F4209F8E4600F59C48 /* Assets.xcassets */; };
		77BE71F8209F8E4600F59C48 /* LaunchScreen.storyboard in Resources */ = {isa = PBXBuildFile; fileRef = 77BE71F6209F8E4600F59C48 /* LaunchScreen.storyboard */; };
/* End PBXBuildFile section */

/* Begin PBXFileReference section */
		77BE71E7209F8E4500F59C48 /* FBMessanger.app */ = {isa = PBXFileReference; explicitFileType = wrapper.application; includeInIndex = 0; path = FBMessanger.app; sourceTree = BUILT_PRODUCTS_DIR; };
		77BE71EA209F8E4500F59C48 /* AppDelegate.swift */ = {isa = PBXFileReference; lastKnownFileType = sourcecode.swift; path = AppDelegate.swift; sourceTree = "<group>"; };
		77BE71EC209F8E4500F59C48 /* ViewController.swift */ = {isa = PBXFileReference; lastKnownFileType = sourcecode.swift; path = ViewController.swift; sourceTree = "<group>"; };
		77BE71F2209F8E4500F59C48 /* FBMessanger.xcdatamodel */ = {isa = PBXFileReference; lastKnownFileType = wrapper.xcdatamodel; path = FBMessanger.xcdatamodel; sourceTree = "<group>"; };
		77BE71F4209F8E4600F59C48 /* Assets.xcassets */ = {isa = PBXFileReference; lastKnownFileType = folder.assetcatalog; path = Assets.xcassets; sourceTree = "<group>"; };
		77BE71F7209F8E4600F59C48 /* Base */ = {isa = PBXFileReference; lastKnownFileType = file.storyboard; name = Base; path = Base.lproj/LaunchScreen.storyboard; sourceTree = "<group>"; };
		77BE71F9209F8E4600F59C48 /* Info.plist */ = {isa = PBXFileReference; lastKnownFileType = text.plist.xml; path = Info.plist; sourceTree = "<group>"; };
/* End PBXFileReference section */

/* Begin PBXFrameworksBuildPhase section */
		77BE71E4209F8E4500F59C48 /* Frameworks */ = {
			isa = PBXFrameworksBuildPhase;
			buildActionMask = 2147483647;
			files = (
			);
			runOnlyForDeploymentPostprocessing = 0;
		};
/* End PBXFrameworksBuildPhase section */

/* Begin PBXGroup section */
		77BE71DE209F8E4500F59C48 = {
			isa = PBXGroup;
			children = (
				77BE71E9209F8E4500F59C48 /* FBMessanger */,
				77BE71E8209F8E4500F59C48 /* Products */,
			);
			sourceTree = "<group>";
		};
		77BE71E8209F8E4500F59C48 /* Products */ = {
			isa = PBXGroup;
			children = (
				77BE71E7209F8E4500F59C48 /* FBMessanger.app */,
			);
			name = Products;
			sourceTree = "<group>";
		};
		77BE71E9209F8E4500F59C48 /* FBMessanger */ = {
			isa = PBXGroup;
			children = (
				77BE71EA209F8E4500F59C48 /* AppDelegate.swift */,
				77BE71EC209F8E4500F59C48 /* ViewController.swift */,
				77BE71F4209F8E4600F59C48 /* Assets.xcassets */,
				77BE71F6209F8E4600F59C48 /* LaunchScreen.storyboard */,
				77BE71F9209F8E4600F59C48 /* Info.plist */,
				77BE71F1209F8E4500F59C48 /* FBMessanger.xcdatamodeld */,
			);
			path = FBMessanger;
			sourceTree = "<group>";
		};
/* End PBXGroup section */

/* Begin PBXNativeTarget section */
		77BE71E6209F8E4500F59C48 /* FBMessanger */ = {
			isa = PBXNativeTarget;
			buildConfigurationList = 77BE71FC209F8E4600F59C48 /* Build configuration list for PBXNativeTarget "FBMessanger" */;
			buildPhases = (
				77BE71E3209F8E4500F59C48 /* Sources */,
				77BE71E4209F8E4500F59C48 /* Frameworks */,
				77BE71E5209F8E4500F59C48 /* Resources */,
			);
			buildRules = (
			);
			dependencies = (
			);
			name = FBMessanger;
			productName = FBMessanger;
			productReference = 77BE71E7209F8E4500F59C48 /* FBMessanger.app */;
			productType = "com.apple.product-type.application";
		};
/* End PBXNativeTarget section */

/* Begin PBXProject section */
		77BE71DF209F8E4500F59C48 /* Project object */ = {
			isa = PBXProject;
			attributes = {
				LastSwiftUpdateCheck = 0930;
				LastUpgradeCheck = 0930;
				ORGANIZATIONNAME = "Waqas Yousuf";
				TargetAttributes = {
					77BE71E6209F8E4500F59C48 = {
						CreatedOnToolsVersion = 9.3;
					};
				};
			};
			buildConfigurationList = 77BE71E2209F8E4500F59C48 /* Build configuration list for PBXProject "FBMessanger" */;
			compatibilityVersion = "Xcode 9.3";
			developmentRegion = en;
			hasScannedForEncodings = 0;
			knownRegions = (
				en,
				Base,
			);
			mainGroup = 77BE71DE209F8E4500F59C48;
			productRefGroup = 77BE71E8209F8E4500F59C48 /* Products */;
			projectDirPath = "";
			projectRoot = "";
			targets = (
				77BE71E6209F8E4500F59C48 /* FBMessanger */,
			);
		};
/* End PBXProject section */

/* Begin PBXResourcesBuildPhase section */
		77BE71E5209F8E4500F59C48 /* Resources */ = {
			isa = PBXResourcesBuildPhase;
			buildActionMask = 2147483647;
			files = (
				77BE71F8209F8E4600F59C48 /* LaunchScreen.storyboard in Resources */,
				77BE71F5209F8E4600F59C48 /* Assets.xcassets in Resources */,
			);
			runOnlyForDeploymentPostprocessing = 0;
		};
/* End PBXResourcesBuildPhase section */

/* Begin PBXSourcesBuildPhase section */
		77BE71E3209F8E4500F59C48 /* Sources */ = {
			isa = PBXSourcesBuildPhase;
			buildActionMask = 2147483647;
			files = (
				77BE71ED209F8E4500F59C48 /* ViewController.swift in Sources */,
				77BE71EB209F8E4500F59C48 /* AppDelegate.swift in Sources */,
				77BE71F3209F8E4500F59C48 /* FBMessanger.xcdatamodeld in Sources */,
			);
			runOnlyForDeploymentPostprocessing = 0;
		};
/* End PBXSourcesBuildPhase section */

/* Begin PBXVariantGroup section */
		77BE71F6209F8E4600F59C48 /* LaunchScreen.storyboard */ = {
			isa = PBXVariantGroup;
			children = (
				77BE71F7209F8E4600F59C48 /* Base */,
			);
			name = LaunchScreen.storyboard;
			sourceTree = "<group>";
		};
/* End PBXVariantGroup section */

/* Begin XCBuildConfiguration section */
		77BE71FA209F8E4600F59C48 /* Debug */ = {
			isa = XCBuildConfiguration;
			buildSettings = {
				ALWAYS_SEARCH_USER_PATHS = NO;
				CLANG_ANALYZER_NONNULL = YES;
				CLANG_ANALYZER_NUMBER_OBJECT_CONVERSION = YES_AGGRESSIVE;
				CLANG_CXX_LANGUAGE_STANDARD = "gnu++14";
				CLANG_CXX_LIBRARY = "libc++";
				CLANG_ENABLE_MODULES = YES;
				CLANG_ENABLE_OBJC_ARC = YES;
				CLANG_ENABLE_OBJC_WEAK = YES;
				CLANG_WARN_BLOCK_CAPTURE_AUTORELEASING = YES;
				CLANG_WARN_BOOL_CONVERSION = YES;
				CLANG_WARN_COMMA = YES;
				CLANG_WARN_CONSTANT_CONVERSION = YES;
				CLANG_WARN_DEPRECATED_OBJC_IMPLEMENTATIONS = YES;
				CLANG_WARN_DIRECT_OBJC_ISA_USAGE = YES_ERROR;
				CLANG_WARN_DOCUMENTATION_COMMENTS = YES;
				CLANG_WARN_EMPTY_BODY = YES;
				CLANG_WARN_ENUM_CONVERSION = YES;
				CLANG_WARN_INFINITE_RECURSION = YES;
				CLANG_WARN_INT_CONVERSION = YES;
				CLANG_WARN_NON_LITERAL_NULL_CONVERSION = YES;
				CLANG_WARN_OBJC_IMPLICIT_RETAIN_SELF = YES;
				CLANG_WARN_OBJC_LITERAL_CONVERSION = YES;
				CLANG_WARN_OBJC_ROOT_CLASS = YES_ERROR;
				CLANG_WARN_RANGE_LOOP_ANALYSIS = YES;
				CLANG_WARN_STRICT_PROTOTYPES = YES;
				CLANG_WARN_SUSPICIOUS_MOVE = YES;
				CLANG_WARN_UNGUARDED_AVAILABILITY = YES_AGGRESSIVE;
				CLANG_WARN_UNREACHABLE_CODE = YES;
				CLANG_WARN__DUPLICATE_METHOD_MATCH = YES;
				CODE_SIGN_IDENTITY = "iPhone Developer";
				COPY_PHASE_STRIP = NO;
				DEBUG_INFORMATION_FORMAT = dwarf;
				ENABLE_STRICT_OBJC_MSGSEND = YES;
				ENABLE_TESTABILITY = YES;
				GCC_C_LANGUAGE_STANDARD = gnu11;
				GCC_DYNAMIC_NO_PIC = NO;
				GCC_NO_COMMON_BLOCKS = YES;
				GCC_OPTIMIZATION_LEVEL = 0;
				GCC_PREPROCESSOR_DEFINITIONS = (
					"DEBUG=1",
					"$(inherited)",
				);
				GCC_WARN_64_TO_32_BIT_CONVERSION = YES;
				GCC_WARN_ABOUT_RETURN_TYPE = YES_ERROR;
				GCC_WARN_UNDECLARED_SELECTOR = YES;
				GCC_WARN_UNINITIALIZED_AUTOS = YES_AGGRESSIVE;
				GCC_WARN_UNUSED_FUNCTION = YES;
				GCC_WARN_UNUSED_VARIABLE = YES;
				IPHONEOS_DEPLOYMENT_TARGET = 11.3;
				MTL_ENABLE_DEBUG_INFO = YES;
				ONLY_ACTIVE_ARCH = YES;
				SDKROOT = iphoneos;
				SWIFT_ACTIVE_COMPILATION_CONDITIONS = DEBUG;
				SWIFT_OPTIMIZATION_LEVEL = "-Onone";
			};
			name = Debug;
		};
		77BE71FB209F8E4600F59C48 /* Release */ = {
			isa = XCBuildConfiguration;
			buildSettings = {
				ALWAYS_SEARCH_USER_PATHS = NO;
				CLANG_ANALYZER_NONNULL = YES;
				CLANG_ANALYZER_NUMBER_OBJECT_CONVERSION = YES_AGGRESSIVE;
				CLANG_CXX_LANGUAGE_STANDARD = "gnu++14";
				CLANG_CXX_LIBRARY = "libc++";
				CLANG_ENABLE_MODULES = YES;
				CLANG_ENABLE_OBJC_ARC = YES;
				CLANG_ENABLE_OBJC_WEAK = YES;
				CLANG_WARN_BLOCK_CAPTURE_AUTORELEASING = YES;
				CLANG_WARN_BOOL_CONVERSION = YES;
				CLANG_WARN_COMMA = YES;
				CLANG_WARN_CONSTANT_CONVERSION = YES;
				CLANG_WARN_DEPRECATED_OBJC_IMPLEMENTATIONS = YES;
				CLANG_WARN_DIRECT_OBJC_ISA_USAGE = YES_ERROR;
				CLANG_WARN_DOCUMENTATION_COMMENTS = YES;
				CLANG_WARN_EMPTY_BODY = YES;
				CLANG_WARN_ENUM_CONVERSION = YES;
				CLANG_WARN_INFINITE_RECURSION = YES;
				CLANG_WARN_INT_CONVERSION = YES;
				CLANG_WARN_NON_LITERAL_NULL_CONVERSION = YES;
				CLANG_WARN_OBJC_IMPLICIT_RETAIN_SELF = YES;
				CLANG_WARN_OBJC_LITERAL_CONVERSION = YES;
				CLANG_WARN_OBJC_ROOT_CLASS = YES_ERROR;
				CLANG_WARN_RANGE_LOOP_ANALYSIS = YES;
				CLANG_WARN_STRICT_PROTOTYPES = YES;
				CLANG_WARN_SUSPICIOUS_MOVE = YES;
				CLANG_WARN_UNGUARDED_AVAILABILITY = YES_AGGRESSIVE;
				CLANG_WARN_UNREACHABLE_CODE = YES;
				CLANG_WARN__DUPLICATE_METHOD_MATCH = YES;
				CODE_SIGN_IDENTITY = "iPhone Developer";
				COPY_PHASE_STRIP = NO;
				DEBUG_INFORMATION_FORMAT = "dwarf-with-dsym";
				ENABLE_NS_ASSERTIONS = NO;
				ENABLE_STRICT_OBJC_MSGSEND = YES;
				GCC_C_LANGUAGE_STANDARD = gnu11;
				GCC_NO_COMMON_BLOCKS = YES;
				GCC_WARN_64_TO_32_BIT_CONVERSION = YES;
				GCC_WARN_ABOUT_RETURN_TYPE = YES_ERROR;
				GCC_WARN_UNDECLARED_SELECTOR = YES;
				GCC_WARN_UNINITIALIZED_AUTOS = YES_AGGRESSIVE;
				GCC_WARN_UNUSED_FUNCTION = YES;
				GCC_WARN_UNUSED_VARIABLE = YES;
				IPHONEOS_DEPLOYMENT_TARGET = 11.3;
				MTL_ENABLE_DEBUG_INFO = NO;
				SDKROOT = iphoneos;
				SWIFT_COMPILATION_MODE = wholemodule;
				SWIFT_OPTIMIZATION_LEVEL = "-O";
				VALIDATE_PRODUCT = YES;
			};
			name = Release;
		};
		77BE71FD209F8E4600F59C48 /* Debug */ = {
			isa = XCBuildConfiguration;
			buildSettings = {
				ASSETCATALOG_COMPILER_APPICON_NAME = AppIcon;
				CODE_SIGN_STYLE = Automatic;
				DEVELOPMENT_TEAM = 37G6YN247Z;
				INFOPLIST_FILE = FBMessanger/Info.plist;
				LD_RUNPATH_SEARCH_PATHS = (
					"$(inherited)",
					"@executable_path/Frameworks",
				);
				PRODUCT_BUNDLE_IDENTIFIER = com.wyousuf.FBMessanger;
				PRODUCT_NAME = "$(TARGET_NAME)";
				SWIFT_VERSION = 4.0;
				TARGETED_DEVICE_FAMILY = "1,2";
			};
			name = Debug;
		};
		77BE71FE209F8E4600F59C48 /* Release */ = {
			isa = XCBuildConfiguration;
			buildSettings = {
				ASSETCATALOG_COMPILER_APPICON_NAME = AppIcon;
				CODE_SIGN_STYLE = Automatic;
				DEVELOPMENT_TEAM = 37G6YN247Z;
				INFOPLIST_FILE = FBMessanger/Info.plist;
				LD_RUNPATH_SEARCH_PATHS = (
					"$(inherited)",
					"@executable_path/Frameworks",
				);
				PRODUCT_BUNDLE_IDENTIFIER = com.wyousuf.FBMessanger;
				PRODUCT_NAME = "$(TARGET_NAME)";
				SWIFT_VERSION = 4.0;
				TARGETED_DEVICE_FAMILY = "1,2";
			};
			name = Release;
		};
/* End XCBuildConfiguration section */

/* Begin XCConfigurationList section */
		77BE71E2209F8E4500F59C48 /* Build configuration list for PBXProject "FBMessanger" */ = {
			isa = XCConfigurationList;
			buildConfigurations = (
				77BE71FA209F8E4600F59C48 /* Debug */,
				77BE71FB209F8E4600F59C48 /* Release */,
			);
			defaultConfigurationIsVisible = 0;
			defaultConfigurationName = Release;
		};
		77BE71FC209F8E4600F59C48 /* Build configuration list for PBXNativeTarget "FBMessanger" */ = {
			isa = XCConfigurationList;
			buildConfigurations = (
				77BE71FD209F8E4600F59C48 /* Debug */,
				77BE71FE209F8E4600F59C48 /* Release */,
			);
			defaultConfigurationIsVisible = 0;
			defaultConfigurationName = Release;
		};
/* End XCConfigurationList section */

/* Begin XCVersionGroup section */
		77BE71F1209F8E4500F59C48 /* FBMessanger.xcdatamodeld */ = {
			isa = XCVersionGroup;
			children = (
				77BE71F2209F8E4500F59C48 /* FBMessanger.xcdatamodel */,
			);
			currentVersion = 77BE71F2209F8E4500F59C48 /* FBMessanger.xcdatamodel */;
			path = FBMessanger.xcdatamodeld;
			sourceTree = "<group>";
			versionGroupType = wrapper.xcdatamodel;
		};
/* End XCVersionGroup section */
	};
	rootObject = 77BE71DF209F8E4500F59C48 /* Project object */;
}
